
Microsoft Visual Studio Solution File, Format Version 12.00
# Visual Studio Version 17
VisualStudioVersion = 17.4.33103.184
MinimumVisualStudioVersion = 10.0.40219.1
Project("{FAE04EC0-301F-11D3-BF4B-00C04F79EFBC}") = "Kyrs", "Kyrs\Kyrs.csproj", "{8DCE2CF5-BC71-4AB2-99C8-B1A1C645F37F}"
EndProject
Global
	GlobalSection(SolutionConfigurationPlatforms) = preSolution
		Debug|Any CPU = Debug|Any CPU
		Release|Any CPU = Release|Any CPU
	EndGlobalSection
	GlobalSection(ProjectConfigurationPlatforms) = postSolution
		{8DCE2CF5-BC71-4AB2-99C8-B1A1C645F37F}.Debug|Any CPU.ActiveCfg = Debug|Any CPU
		{8DCE2CF5-BC71-4AB2-99C8-B1A1C645F37F}.Debug|Any CPU.Build.0 = Debug|Any CPU
		{8DCE2CF5-BC71-4AB2-99C8-B1A1C645F37F}.Release|Any CPU.ActiveCfg = Release|Any CPU
		{8DCE2CF5-BC71-4AB2-99C8-B1A1C645F37F}.Release|Any CPU.Build.0 = Release|Any CPU
	EndGlobalSection
	GlobalSection(SolutionProperties) = preSolution
		HideSolutionNode = FALSE
	EndGlobalSection
	GlobalSection(ExtensibilityGlobals) = postSolution
		SolutionGuid = {A15904D6-C8D0-48AD-9A44-4AAF17C93EA9}
	EndGlobalSection
EndGlobal
